# @generated by Move, please check-in and do not edit manually.

[move]
version = 3

dependencies = [
  { id = "Sui", name = "Sui" },
]
manifest_digest = "280578CD637BCD5390F618AE0953EB2F7990F2E58D0C60C72F31C1D32BB97715"
deps_digest = "F8BBB0CCB2491CA29A3DF03D6F92277A4F3574266507ACD77214D37ECA3F3082"

[[move.package]]
id = "MoveStdlib"
source = { git = "https://github.com/MystenLabs/sui.git", rev = "mainnet-v1.39.4", subdir = "crates/sui-framework/packages/move-stdlib" }

[[move.package]]
id = "Sui"
source = { git = "https://github.com/MystenLabs/sui.git", rev = "mainnet-v1.39.4", subdir = "crates/sui-framework/packages/sui-framework" }

dependencies = [
  { id = "MoveStdlib", name = "MoveStdlib" },
]

[move.toolchain-version]
compiler-version = "1.39.3"
edition = "2024"
flavor = "sui"

[env]

[env.testnet]
chain-id = "4c78adac"
original-published-id = "0x7675334bcfd81e7a3268ff0b9c8611b20c68b259c46ce840f6237d3018368cb6"
latest-published-id = "0x751e644db3e3b152caf1ff9f6037e77e6dd9d860ef54a8176b901104f617c5f4"
published-version = "2"

[env.mainnet]
chain-id = "35834a8a"
original-published-id = "0xfa0e2d4afab23c5947ed9057cfc87c886324ce1fc0738af4820a88b1a48f503e"
latest-published-id = "0xfa0e2d4afab23c5947ed9057cfc87c886324ce1fc0738af4820a88b1a48f503e"
published-version = "1"
